
Microsoft Visual Studio Solution File, Format Version 12.00
# Visual Studio Version 17
VisualStudioVersion = 17.8.34330.188
MinimumVisualStudioVersion = 10.0.40219.1
Project("{9A19103F-16F7-4668-BE54-9A1E7A4F7556}") = "GameReviewSite.DAL", "GameReviewSite.DAL\GameReviewSite.DAL.csproj", "{0FB468F5-FDED-42D2-8E29-4CB281369405}"
EndProject
Project("{9A19103F-16F7-4668-BE54-9A1E7A4F7556}") = "GameReviewSite.Entities", "GameReviewSite.Entities\GameReviewSite.Entities.csproj", "{26A7766D-79A3-41B7-AD56-138A5A83C430}"
EndProject
Project("{9A19103F-16F7-4668-BE54-9A1E7A4F7556}") = "GameReviewSite.UI", "GameReviewSite.UI\GameReviewSite.UI.csproj", "{7ACE292C-5758-4D01-A020-375B67780DE9}"
EndProject
Project("{FAE04EC0-301F-11D3-BF4B-00C04F79EFBC}") = "GameReviewSite.BL", "GameReviewSite.BL\GameReviewSite.BL.csproj", "{E5990298-2E0F-4883-BAE6-B15EA97350C4}"
EndProject
Global
	GlobalSection(SolutionConfigurationPlatforms) = preSolution
		Debug|Any CPU = Debug|Any CPU
		Release|Any CPU = Release|Any CPU
	EndGlobalSection
	GlobalSection(ProjectConfigurationPlatforms) = postSolution
		{0FB468F5-FDED-42D2-8E29-4CB281369405}.Debug|Any CPU.ActiveCfg = Debug|Any CPU
		{0FB468F5-FDED-42D2-8E29-4CB281369405}.Debug|Any CPU.Build.0 = Debug|Any CPU
		{0FB468F5-FDED-42D2-8E29-4CB281369405}.Release|Any CPU.ActiveCfg = Release|Any CPU
		{0FB468F5-FDED-42D2-8E29-4CB281369405}.Release|Any CPU.Build.0 = Release|Any CPU
		{26A7766D-79A3-41B7-AD56-138A5A83C430}.Debug|Any CPU.ActiveCfg = Debug|Any CPU
		{26A7766D-79A3-41B7-AD56-138A5A83C430}.Debug|Any CPU.Build.0 = Debug|Any CPU
		{26A7766D-79A3-41B7-AD56-138A5A83C430}.Release|Any CPU.ActiveCfg = Release|Any CPU
		{26A7766D-79A3-41B7-AD56-138A5A83C430}.Release|Any CPU.Build.0 = Release|Any CPU
		{7ACE292C-5758-4D01-A020-375B67780DE9}.Debug|Any CPU.ActiveCfg = Debug|Any CPU
		{7ACE292C-5758-4D01-A020-375B67780DE9}.Debug|Any CPU.Build.0 = Debug|Any CPU
		{7ACE292C-5758-4D01-A020-375B67780DE9}.Release|Any CPU.ActiveCfg = Release|Any CPU
		{7ACE292C-5758-4D01-A020-375B67780DE9}.Release|Any CPU.Build.0 = Release|Any CPU
		{E5990298-2E0F-4883-BAE6-B15EA97350C4}.Debug|Any CPU.ActiveCfg = Debug|Any CPU
		{E5990298-2E0F-4883-BAE6-B15EA97350C4}.Debug|Any CPU.Build.0 = Debug|Any CPU
		{E5990298-2E0F-4883-BAE6-B15EA97350C4}.Release|Any CPU.ActiveCfg = Release|Any CPU
		{E5990298-2E0F-4883-BAE6-B15EA97350C4}.Release|Any CPU.Build.0 = Release|Any CPU
	EndGlobalSection
	GlobalSection(SolutionProperties) = preSolution
		HideSolutionNode = FALSE
	EndGlobalSection
	GlobalSection(ExtensibilityGlobals) = postSolution
		SolutionGuid = {1811BA7B-B88C-45CB-98FC-5C4DBCE1137F}
	EndGlobalSection
EndGlobal
